PODS:
  - Flutter (1.0.0)
  - iAdvize (2.11.0):
    - TwilioVideo (~> 4.6)
  - iadvize_flutter_sdk (2.10.4):
    - Flutter
    - iAdvize (~> 2.11.0)
  - TwilioVideo (4.6.3)

DEPENDENCIES:
  - Flutter (from `Flutter`)
  - iadvize_flutter_sdk (from `.symlinks/plugins/iadvize_flutter_sdk/ios`)

SPEC REPOS:
  trunk:
    - iAdvize
    - TwilioVideo

EXTERNAL SOURCES:
  Flutter:
    :path: Flutter
  iadvize_flutter_sdk:
    :path: ".symlinks/plugins/iadvize_flutter_sdk/ios"

SPEC CHECKSUMS:
  Flutter: f04841e97a9d0b0a8025694d0796dd46242b2854
  iAdvize: 0e1654fc6de3db9cfd86710cf9b1a22fe1aa9f1e
  iadvize_flutter_sdk: 285bf5ef18d4124bf9b318b134f2dbcc4ce8791f
  TwilioVideo: 4afaac028c5886f2f3b313a9fcc146a6b7ca34e2

PODFILE CHECKSUM: bd8d1b33606948f06771808d711de3887d710200

COCOAPODS: 1.11.3
