PODS:
  - Flutter (1.0.0)
  - iAdvize (2.14.3):
    - TwilioVideo (~> 4.6)
  - iadvize_flutter_sdk (2.13.3):
    - Flutter
    - iAdvize (~> 2.14.3)
  - TwilioVideo (4.6.3)

DEPENDENCIES:
  - Flutter (from `Flutter`)
  - iadvize_flutter_sdk (from `.symlinks/plugins/iadvize_flutter_sdk/ios`)

SPEC REPOS:
  trunk:
    - iAdvize
    - TwilioVideo

EXTERNAL SOURCES:
  Flutter:
    :path: Flutter
  iadvize_flutter_sdk:
    :path: ".symlinks/plugins/iadvize_flutter_sdk/ios"

SPEC CHECKSUMS:
  Flutter: e0871f40cf51350855a761d2e70bf5af5b9b5de7
  iAdvize: 8dfd5e05516f7a6fc7505da8907c8286c5ef1cab
  iadvize_flutter_sdk: c56b6c2ecfada1dfd845a549a009688ebac61da0
  TwilioVideo: 4afaac028c5886f2f3b313a9fcc146a6b7ca34e2

PODFILE CHECKSUM: 5c790b082c2bac645e7f99f91e5d861211104ac5

COCOAPODS: 1.14.3
